// !$*UTF8*$!
{
	archiveVersion = 1;
	classes = {
	};
	objectVersion = 51;
	objects = {

/* Begin PBXBuildFile section */
		1D587945269CAC3A007FCDF8 /* GoogleService-Info.plist in Resources */ = {isa = PBXBuildFile; fileRef = 1D587944269CAC3A007FCDF8 /* GoogleService-Info.plist */; };
		1D5A500126AC7AAE00ACA0E1 /* CustomerProductsVC.swift in Sources */ = {isa = PBXBuildFile; fileRef = 1D5A500026AC7AAE00ACA0E1 /* CustomerProductsVC.swift */; };
		1D5A500C26AC7C4F00ACA0E1 /* CartVC.swift in Sources */ = {isa = PBXBuildFile; fileRef = 1D5A500B26AC7C4F00ACA0E1 /* CartVC.swift */; };
		1D5A501A26AC7CD200ACA0E1 /* CartTableViewCell.swift in Sources */ = {isa = PBXBuildFile; fileRef = 1D5A501826AC7CD200ACA0E1 /* CartTableViewCell.swift */; };
		1D5A501B26AC7CD200ACA0E1 /* CartTableViewCell.xib in Resources */ = {isa = PBXBuildFile; fileRef = 1D5A501926AC7CD200ACA0E1 /* CartTableViewCell.xib */; };
		1D5A502126AC841A00ACA0E1 /* NotificationTableViewCell.xib in Resources */ = {isa = PBXBuildFile; fileRef = 1D5A501F26AC841900ACA0E1 /* NotificationTableViewCell.xib */; };
		1D5A502226AC841A00ACA0E1 /* NotificationTableViewCell.swift in Sources */ = {isa = PBXBuildFile; fileRef = 1D5A502026AC841900ACA0E1 /* NotificationTableViewCell.swift */; };
		1D5A502726AC84FC00ACA0E1 /* NotificationsVC.swift in Sources */ = {isa = PBXBuildFile; fileRef = 1D5A502626AC84FC00ACA0E1 /* NotificationsVC.swift */; };
		1D5EE27E26A3728E000208B4 /* CustomerTabbarController.swift in Sources */ = {isa = PBXBuildFile; fileRef = 1D5EE27D26A3728E000208B4 /* CustomerTabbarController.swift */; };
		1D7C8E5E77AAA237E0DC1190 /* Pods_E_BookStoreTests.framework in Frameworks */ = {isa = PBXBuildFile; fileRef = DF0C71E6A18C23C97493A53E /* Pods_E_BookStoreTests.framework */; };
		1DAA27E0269860390057ADF9 /* AppDelegate.swift in Sources */ = {isa = PBXBuildFile; fileRef = 1DAA27DF269860390057ADF9 /* AppDelegate.swift */; };
		1DAA27E2269860390057ADF9 /* SceneDelegate.swift in Sources */ = {isa = PBXBuildFile; fileRef = 1DAA27E1269860390057ADF9 /* SceneDelegate.swift */; };
		1DAA27E4269860390057ADF9 /* AccountTypeVC.swift in Sources */ = {isa = PBXBuildFile; fileRef = 1DAA27E3269860390057ADF9 /* AccountTypeVC.swift */; };
		1DAA27E7269860390057ADF9 /* Main.storyboard in Resources */ = {isa = PBXBuildFile; fileRef = 1DAA27E5269860390057ADF9 /* Main.storyboard */; };
		1DAA27E92698603B0057ADF9 /* Assets.xcassets in Resources */ = {isa = PBXBuildFile; fileRef = 1DAA27E82698603B0057ADF9 /* Assets.xcassets */; };
		1DAA27EC2698603B0057ADF9 /* LaunchScreen.storyboard in Resources */ = {isa = PBXBuildFile; fileRef = 1DAA27EA2698603B0057ADF9 /* LaunchScreen.storyboard */; };
		1DAA27F72698603B0057ADF9 /* E_BookStoreTests.swift in Sources */ = {isa = PBXBuildFile; fileRef = 1DAA27F62698603B0057ADF9 /* E_BookStoreTests.swift */; };
		1DAA28022698603B0057ADF9 /* E_BookStoreUITests.swift in Sources */ = {isa = PBXBuildFile; fileRef = 1DAA28012698603B0057ADF9 /* E_BookStoreUITests.swift */; };
		1DD9D15F26A5AC1A00A39D4C /* Environment.swift in Sources */ = {isa = PBXBuildFile; fileRef = 1DD9D15E26A5AC1A00A39D4C /* Environment.swift */; };
		8AEC6B1648D08B0EF2208847 /* Pods_E_BookStore.framework in Frameworks */ = {isa = PBXBuildFile; fileRef = 1DB63AEF40A66C5E20FCED5A /* Pods_E_BookStore.framework */; };
		D6216945269F0DAC0000199B /* DashboardVC.swift in Sources */ = {isa = PBXBuildFile; fileRef = D6216944269F0DAC0000199B /* DashboardVC.swift */; };
		D6216947269F0DBC0000199B /* LoginVC.swift in Sources */ = {isa = PBXBuildFile; fileRef = D6216946269F0DBC0000199B /* LoginVC.swift */; };
		D6216949269F0DE30000199B /* AdminTabbarController.swift in Sources */ = {isa = PBXBuildFile; fileRef = D6216948269F0DE30000199B /* AdminTabbarController.swift */; };
		D621694B269F0E200000199B /* AddProductVC.swift in Sources */ = {isa = PBXBuildFile; fileRef = D621694A269F0E200000199B /* AddProductVC.swift */; };
		D621694D269F14840000199B /* ProductDetailVC.swift in Sources */ = {isa = PBXBuildFile; fileRef = D621694C269F14840000199B /* ProductDetailVC.swift */; };
		D621694F269F15540000199B /* CustomersVC.swift in Sources */ = {isa = PBXBuildFile; fileRef = D621694E269F15540000199B /* CustomersVC.swift */; };
		D6216951269F15630000199B /* AdminOrdersVC.swift in Sources */ = {isa = PBXBuildFile; fileRef = D6216950269F15630000199B /* AdminOrdersVC.swift */; };
		D6216955269F2CCB0000199B /* ProductTableViewCell.swift in Sources */ = {isa = PBXBuildFile; fileRef = D6216953269F2CCB0000199B /* ProductTableViewCell.swift */; };
		D6216956269F2CCB0000199B /* ProductTableViewCell.xib in Resources */ = {isa = PBXBuildFile; fileRef = D6216954269F2CCB0000199B /* ProductTableViewCell.xib */; };
		D6216990269F2D9F0000199B /* UniversalLinkOpenInApp.swift in Sources */ = {isa = PBXBuildFile; fileRef = D6216958269F2D9E0000199B /* UniversalLinkOpenInApp.swift */; };
		D6216991269F2D9F0000199B /* TranslationTarget.swift in Sources */ = {isa = PBXBuildFile; fileRef = D621695A269F2D9E0000199B /* TranslationTarget.swift */; };
		D6216992269F2D9F0000199B /* BottomSheetPresentationController.swift in Sources */ = {isa = PBXBuildFile; fileRef = D621695B269F2D9E0000199B /* BottomSheetPresentationController.swift */; };
		D6216993269F2D9F0000199B /* BottomSheetTransitioningDelegate.swift in Sources */ = {isa = PBXBuildFile; fileRef = D621695C269F2D9E0000199B /* BottomSheetTransitioningDelegate.swift */; };
		D6216994269F2D9F0000199B /* BottomSheetNavigationController.swift in Sources */ = {isa = PBXBuildFile; fileRef = D621695D269F2D9E0000199B /* BottomSheetNavigationController.swift */; };
		D6216995269F2D9F0000199B /* SpringAnimator.swift in Sources */ = {isa = PBXBuildFile; fileRef = D621695E269F2D9E0000199B /* SpringAnimator.swift */; };
		D6216996269F2D9F0000199B /* BottomSheetView.swift in Sources */ = {isa = PBXBuildFile; fileRef = D621695F269F2D9E0000199B /* BottomSheetView.swift */; };
		D6216997269F2D9F0000199B /* BottomSheetCalculator.swift in Sources */ = {isa = PBXBuildFile; fileRef = D6216960269F2D9E0000199B /* BottomSheetCalculator.swift */; };
		D6216998269F2D9F0000199B /* NVLocationManager.swift in Sources */ = {isa = PBXBuildFile; fileRef = D6216961269F2D9E0000199B /* NVLocationManager.swift */; };
		D6216999269F2D9F0000199B /* Logger.swift in Sources */ = {isa = PBXBuildFile; fileRef = D6216962269F2D9E0000199B /* Logger.swift */; };
		D621699B269F2D9F0000199B /* SecureStoreError.swift in Sources */ = {isa = PBXBuildFile; fileRef = D6216965269F2D9E0000199B /* SecureStoreError.swift */; };
		D621699C269F2D9F0000199B /* SecureStore.swift in Sources */ = {isa = PBXBuildFile; fileRef = D6216966269F2D9E0000199B /* SecureStore.swift */; };
		D621699D269F2D9F0000199B /* OTPTimer.swift in Sources */ = {isa = PBXBuildFile; fileRef = D6216967269F2D9E0000199B /* OTPTimer.swift */; };
		D621699E269F2D9F0000199B /* SecureStoreQueryable.swift in Sources */ = {isa = PBXBuildFile; fileRef = D6216968269F2D9E0000199B /* SecureStoreQueryable.swift */; };
		D621699F269F2D9F0000199B /* CodableGanerics.swift in Sources */ = {isa = PBXBuildFile; fileRef = D6216969269F2D9E0000199B /* CodableGanerics.swift */; };
		D62169A0269F2D9F0000199B /* AlertController.swift in Sources */ = {isa = PBXBuildFile; fileRef = D621696A269F2D9E0000199B /* AlertController.swift */; };
		D62169A1269F2D9F0000199B /* NvDatePicker.swift in Sources */ = {isa = PBXBuildFile; fileRef = D621696B269F2D9F0000199B /* NvDatePicker.swift */; };
		D62169A2269F2D9F0000199B /* NvImagePicker.swift in Sources */ = {isa = PBXBuildFile; fileRef = D621696C269F2D9F0000199B /* NvImagePicker.swift */; };
		D62169A3269F2D9F0000199B /* StackViewExtension.swift in Sources */ = {isa = PBXBuildFile; fileRef = D621696E269F2D9F0000199B /* StackViewExtension.swift */; };
		D62169A4269F2D9F0000199B /* CircleProgress Bar.swift in Sources */ = {isa = PBXBuildFile; fileRef = D621696F269F2D9F0000199B /* CircleProgress Bar.swift */; };
		D62169A5269F2D9F0000199B /* NavigationButtonsVCExtension.swift in Sources */ = {isa = PBXBuildFile; fileRef = D6216970269F2D9F0000199B /* NavigationButtonsVCExtension.swift */; };
		D62169A6269F2D9F0000199B /* ViewControllerExtension.swift in Sources */ = {isa = PBXBuildFile; fileRef = D6216971269F2D9F0000199B /* ViewControllerExtension.swift */; };
		D62169A7269F2D9F0000199B /* ScrollViewExtensions.swift in Sources */ = {isa = PBXBuildFile; fileRef = D6216972269F2D9F0000199B /* ScrollViewExtensions.swift */; };
		D62169A8269F2D9F0000199B /* UIApplicationExtension.swift in Sources */ = {isa = PBXBuildFile; fileRef = D6216973269F2D9F0000199B /* UIApplicationExtension.swift */; };
		D62169A9269F2D9F0000199B /* NavigationBarSetup.swift in Sources */ = {isa = PBXBuildFile; fileRef = D6216974269F2D9F0000199B /* NavigationBarSetup.swift */; };
		D62169AA269F2D9F0000199B /* ImageExtension.swift in Sources */ = {isa = PBXBuildFile; fileRef = D6216975269F2D9F0000199B /* ImageExtension.swift */; };
		D62169AB269F2D9F0000199B /* UIViewExtension.swift in Sources */ = {isa = PBXBuildFile; fileRef = D6216976269F2D9F0000199B /* UIViewExtension.swift */; };
		D62169AC269F2D9F0000199B /* DesignableView.swift in Sources */ = {isa = PBXBuildFile; fileRef = D6216977269F2D9F0000199B /* DesignableView.swift */; };
		D62169AD269F2D9F0000199B /* HyperLinkLable.swift in Sources */ = {isa = PBXBuildFile; fileRef = D6216978269F2D9F0000199B /* HyperLinkLable.swift */; };
		D62169AE269F2D9F0000199B /* StringExtension.swift in Sources */ = {isa = PBXBuildFile; fileRef = D6216979269F2D9F0000199B /* StringExtension.swift */; };
		D62169AF269F2D9F0000199B /* UIStoryBoard Extension.swift in Sources */ = {isa = PBXBuildFile; fileRef = D621697A269F2D9F0000199B /* UIStoryBoard Extension.swift */; };
		D62169B0269F2D9F0000199B /* URLCommponents.swift in Sources */ = {isa = PBXBuildFile; fileRef = D621697B269F2D9F0000199B /* URLCommponents.swift */; };
		D62169B1269F2D9F0000199B /* Threads.swift in Sources */ = {isa = PBXBuildFile; fileRef = D621697C269F2D9F0000199B /* Threads.swift */; };
		D62169B2269F2D9F0000199B /* ImageSlider.swift in Sources */ = {isa = PBXBuildFile; fileRef = D621697D269F2D9F0000199B /* ImageSlider.swift */; };
		D62169B3269F2D9F0000199B /* TextFieldAndLabelExtension.swift in Sources */ = {isa = PBXBuildFile; fileRef = D621697E269F2D9F0000199B /* TextFieldAndLabelExtension.swift */; };
		D62169B4269F2D9F0000199B /* DateExtension.swift in Sources */ = {isa = PBXBuildFile; fileRef = D621697F269F2D9F0000199B /* DateExtension.swift */; };
		D62169B5269F2D9F0000199B /* TableViewExtension.swift in Sources */ = {isa = PBXBuildFile; fileRef = D6216980269F2D9F0000199B /* TableViewExtension.swift */; };
		D62169B6269F2D9F0000199B /* BarItemBadgeExtension.swift in Sources */ = {isa = PBXBuildFile; fileRef = D6216981269F2D9F0000199B /* BarItemBadgeExtension.swift */; };
		D62169B7269F2D9F0000199B /* ImageSaver.swift in Sources */ = {isa = PBXBuildFile; fileRef = D6216982269F2D9F0000199B /* ImageSaver.swift */; };
		D62169B8269F2D9F0000199B /* TextViewPlaceholder.swift in Sources */ = {isa = PBXBuildFile; fileRef = D6216983269F2D9F0000199B /* TextViewPlaceholder.swift */; };
		D62169B9269F2D9F0000199B /* KingfisherSource.swift in Sources */ = {isa = PBXBuildFile; fileRef = D6216985269F2D9F0000199B /* KingfisherSource.swift */; };
		D62169BA269F2D9F0000199B /* SwiftMessages.swift in Sources */ = {isa = PBXBuildFile; fileRef = D6216986269F2D9F0000199B /* SwiftMessages.swift */; };
		D62169BD269F2D9F0000199B /* DropDownExtension.swift in Sources */ = {isa = PBXBuildFile; fileRef = D6216989269F2D9F0000199B /* DropDownExtension.swift */; };
		D62169BE269F2D9F0000199B /* ImageViewController.swift in Sources */ = {isa = PBXBuildFile; fileRef = D621698A269F2D9F0000199B /* ImageViewController.swift */; };
		D62169BF269F2D9F0000199B /* ProgressHud.swift in Sources */ = {isa = PBXBuildFile; fileRef = D621698B269F2D9F0000199B /* ProgressHud.swift */; };
		D62169C1269F2D9F0000199B /* JGProgressHud.swift in Sources */ = {isa = PBXBuildFile; fileRef = D621698D269F2D9F0000199B /* JGProgressHud.swift */; };
		D62169C3269F2D9F0000199B /* NvLoader.swift in Sources */ = {isa = PBXBuildFile; fileRef = D621698F269F2D9F0000199B /* NvLoader.swift */; };
		D62169C6269F30460000199B /* ProductModels.swift in Sources */ = {isa = PBXBuildFile; fileRef = D62169C5269F30460000199B /* ProductModels.swift */; };
		D62169C9269F40EA0000199B /* RegisterCustomerVC.swift in Sources */ = {isa = PBXBuildFile; fileRef = D62169C8269F40EA0000199B /* RegisterCustomerVC.swift */; };
		D6FC13C9269DEB200089A4FC /* CategoriesVC.swift in Sources */ = {isa = PBXBuildFile; fileRef = D6FC13C8269DEB200089A4FC /* CategoriesVC.swift */; };
		D6FC13CB269DEB470089A4FC /* ProductsVC.swift in Sources */ = {isa = PBXBuildFile; fileRef = D6FC13CA269DEB470089A4FC /* ProductsVC.swift */; };
		EC8BA0EF07F3B25F1C67AE72 /* Pods_E_BookStore_E_BookStoreUITests.framework in Frameworks */ = {isa = PBXBuildFile; fileRef = 8459AEAAAF2C33CAD82BA8D6 /* Pods_E_BookStore_E_BookStoreUITests.framework */; };
/* End PBXBuildFile section */

/* Begin PBXContainerItemProxy section */
		1DAA27F32698603B0057ADF9 /* PBXContainerItemProxy */ = {
			isa = PBXContainerItemProxy;
			containerPortal = 1DAA27D4269860390057ADF9 /* Project object */;
			proxyType = 1;
			remoteGlobalIDString = 1DAA27DB269860390057ADF9;
			remoteInfo = "E-BookStore";
		};
		1DAA27FE2698603B0057ADF9 /* PBXContainerItemProxy */ = {
			isa = PBXContainerItemProxy;
			containerPortal = 1DAA27D4269860390057ADF9 /* Project object */;
			proxyType = 1;
			remoteGlobalIDString = 1DAA27DB269860390057ADF9;
			remoteInfo = "E-BookStore";
		};
/* End PBXContainerItemProxy section */

/* Begin PBXFileReference section */
		1D587944269CAC3A007FCDF8 /* GoogleService-Info.plist */ = {isa = PBXFileReference; fileEncoding = 4; lastKnownFileType = text.plist.xml; path = "GoogleService-Info.plist"; sourceTree = "<group>"; };
		1D5A500026AC7AAE00ACA0E1 /* CustomerProductsVC.swift */ = {isa = PBXFileReference; lastKnownFileType = sourcecode.swift; path = CustomerProductsVC.swift; sourceTree = "<group>"; };
		1D5A500B26AC7C4F00ACA0E1 /* CartVC.swift */ = {isa = PBXFileReference; lastKnownFileType = sourcecode.swift; path = CartVC.swift; sourceTree = "<group>"; };
		1D5A501826AC7CD200ACA0E1 /* CartTableViewCell.swift */ = {isa = PBXFileReference; lastKnownFileType = sourcecode.swift; path = CartTableViewCell.swift; sourceTree = "<group>"; };
		1D5A501926AC7CD200ACA0E1 /* CartTableViewCell.xib */ = {isa = PBXFileReference; lastKnownFileType = file.xib; path = CartTableViewCell.xib; sourceTree = "<group>"; };
		1D5A501F26AC841900ACA0E1 /* NotificationTableViewCell.xib */ = {isa = PBXFileReference; fileEncoding = 4; lastKnownFileType = file.xib; path = NotificationTableViewCell.xib; sourceTree = "<group>"; };
		1D5A502026AC841900ACA0E1 /* NotificationTableViewCell.swift */ = {isa = PBXFileReference; fileEncoding = 4; lastKnownFileType = sourcecode.swift; path = NotificationTableViewCell.swift; sourceTree = "<group>"; };
		1D5A502626AC84FC00ACA0E1 /* NotificationsVC.swift */ = {isa = PBXFileReference; lastKnownFileType = sourcecode.swift; path = NotificationsVC.swift; sourceTree = "<group>"; };
		1D5EE27D26A3728E000208B4 /* CustomerTabbarController.swift */ = {isa = PBXFileReference; lastKnownFileType = sourcecode.swift; path = CustomerTabbarController.swift; sourceTree = "<group>"; };
		1DAA27DC269860390057ADF9 /* E-BookStore.app */ = {isa = PBXFileReference; explicitFileType = wrapper.application; includeInIndex = 0; path = "E-BookStore.app"; sourceTree = BUILT_PRODUCTS_DIR; };
		1DAA27DF269860390057ADF9 /* AppDelegate.swift */ = {isa = PBXFileReference; lastKnownFileType = sourcecode.swift; path = AppDelegate.swift; sourceTree = "<group>"; };
		1DAA27E1269860390057ADF9 /* SceneDelegate.swift */ = {isa = PBXFileReference; lastKnownFileType = sourcecode.swift; path = SceneDelegate.swift; sourceTree = "<group>"; };
		1DAA27E3269860390057ADF9 /* AccountTypeVC.swift */ = {isa = PBXFileReference; lastKnownFileType = sourcecode.swift; path = AccountTypeVC.swift; sourceTree = "<group>"; };
		1DAA27E6269860390057ADF9 /* Base */ = {isa = PBXFileReference; lastKnownFileType = file.storyboard; name = Base; path = Base.lproj/Main.storyboard; sourceTree = "<group>"; };
		1DAA27E82698603B0057ADF9 /* Assets.xcassets */ = {isa = PBXFileReference; lastKnownFileType = folder.assetcatalog; path = Assets.xcassets; sourceTree = "<group>"; };
		1DAA27EB2698603B0057ADF9 /* Base */ = {isa = PBXFileReference; lastKnownFileType = file.storyboard; name = Base; path = Base.lproj/LaunchScreen.storyboard; sourceTree = "<group>"; };
		1DAA27ED2698603B0057ADF9 /* Info.plist */ = {isa = PBXFileReference; lastKnownFileType = text.plist.xml; path = Info.plist; sourceTree = "<group>"; };
		1DAA27F22698603B0057ADF9 /* E-BookStoreTests.xctest */ = {isa = PBXFileReference; explicitFileType = wrapper.cfbundle; includeInIndex = 0; path = "E-BookStoreTests.xctest"; sourceTree = BUILT_PRODUCTS_DIR; };
		1DAA27F62698603B0057ADF9 /* E_BookStoreTests.swift */ = {isa = PBXFileReference; lastKnownFileType = sourcecode.swift; path = E_BookStoreTests.swift; sourceTree = "<group>"; };
		1DAA27F82698603B0057ADF9 /* Info.plist */ = {isa = PBXFileReference; lastKnownFileType = text.plist.xml; path = Info.plist; sourceTree = "<group>"; };
		1DAA27FD2698603B0057ADF9 /* E-BookStoreUITests.xctest */ = {isa = PBXFileReference; explicitFileType = wrapper.cfbundle; includeInIndex = 0; path = "E-BookStoreUITests.xctest"; sourceTree = BUILT_PRODUCTS_DIR; };
		1DAA28012698603B0057ADF9 /* E_BookStoreUITests.swift */ = {isa = PBXFileReference; lastKnownFileType = sourcecode.swift; path = E_BookStoreUITests.swift; sourceTree = "<group>"; };
		1DAA28032698603B0057ADF9 /* Info.plist */ = {isa = PBXFileReference; lastKnownFileType = text.plist.xml; path = Info.plist; sourceTree = "<group>"; };
		1DB63AEF40A66C5E20FCED5A /* Pods_E_BookStore.framework */ = {isa = PBXFileReference; explicitFileType = wrapper.framework; includeInIndex = 0; path = Pods_E_BookStore.framework; sourceTree = BUILT_PRODUCTS_DIR; };
		1DD9D15E26A5AC1A00A39D4C /* Environment.swift */ = {isa = PBXFileReference; lastKnownFileType = sourcecode.swift; path = Environment.swift; sourceTree = "<group>"; };
		70F2CF0EC74FD0B41C166C9A /* Pods-E-BookStore-E-BookStoreUITests.debug.xcconfig */ = {isa = PBXFileReference; includeInIndex = 1; lastKnownFileType = text.xcconfig; name = "Pods-E-BookStore-E-BookStoreUITests.debug.xcconfig"; path = "Target Support Files/Pods-E-BookStore-E-BookStoreUITests/Pods-E-BookStore-E-BookStoreUITests.debug.xcconfig"; sourceTree = "<group>"; };
		7F5354ECB3543D210FF66221 /* Pods-E-BookStore.release.xcconfig */ = {isa = PBXFileReference; includeInIndex = 1; lastKnownFileType = text.xcconfig; name = "Pods-E-BookStore.release.xcconfig"; path = "Target Support Files/Pods-E-BookStore/Pods-E-BookStore.release.xcconfig"; sourceTree = "<group>"; };
		8459AEAAAF2C33CAD82BA8D6 /* Pods_E_BookStore_E_BookStoreUITests.framework */ = {isa = PBXFileReference; explicitFileType = wrapper.framework; includeInIndex = 0; path = Pods_E_BookStore_E_BookStoreUITests.framework; sourceTree = BUILT_PRODUCTS_DIR; };
		B8C062EDDF13153836FD13A0 /* Pods-E-BookStoreTests.release.xcconfig */ = {isa = PBXFileReference; includeInIndex = 1; lastKnownFileType = text.xcconfig; name = "Pods-E-BookStoreTests.release.xcconfig"; path = "Target Support Files/Pods-E-BookStoreTests/Pods-E-BookStoreTests.release.xcconfig"; sourceTree = "<group>"; };
		CB31B1FE15652862E68ED16A /* Pods-E-BookStore-E-BookStoreUITests.release.xcconfig */ = {isa = PBXFileReference; includeInIndex = 1; lastKnownFileType = text.xcconfig; name = "Pods-E-BookStore-E-BookStoreUITests.release.xcconfig"; path = "Target Support Files/Pods-E-BookStore-E-BookStoreUITests/Pods-E-BookStore-E-BookStoreUITests.release.xcconfig"; sourceTree = "<group>"; };
		D25105EB1FCF19E378921E06 /* Pods-E-BookStoreTests.debug.xcconfig */ = {isa = PBXFileReference; includeInIndex = 1; lastKnownFileType = text.xcconfig; name = "Pods-E-BookStoreTests.debug.xcconfig"; path = "Target Support Files/Pods-E-BookStoreTests/Pods-E-BookStoreTests.debug.xcconfig"; sourceTree = "<group>"; };
		D6216944269F0DAC0000199B /* DashboardVC.swift */ = {isa = PBXFileReference; lastKnownFileType = sourcecode.swift; path = DashboardVC.swift; sourceTree = "<group>"; };
		D6216946269F0DBC0000199B /* LoginVC.swift */ = {isa = PBXFileReference; lastKnownFileType = sourcecode.swift; path = LoginVC.swift; sourceTree = "<group>"; };
		D6216948269F0DE30000199B /* AdminTabbarController.swift */ = {isa = PBXFileReference; lastKnownFileType = sourcecode.swift; path = AdminTabbarController.swift; sourceTree = "<group>"; };
		D621694A269F0E200000199B /* AddProductVC.swift */ = {isa = PBXFileReference; lastKnownFileType = sourcecode.swift; path = AddProductVC.swift; sourceTree = "<group>"; };
		D621694C269F14840000199B /* ProductDetailVC.swift */ = {isa = PBXFileReference; lastKnownFileType = sourcecode.swift; path = ProductDetailVC.swift; sourceTree = "<group>"; };
		D621694E269F15540000199B /* CustomersVC.swift */ = {isa = PBXFileReference; lastKnownFileType = sourcecode.swift; path = CustomersVC.swift; sourceTree = "<group>"; };
		D6216950269F15630000199B /* AdminOrdersVC.swift */ = {isa = PBXFileReference; lastKnownFileType = sourcecode.swift; path = AdminOrdersVC.swift; sourceTree = "<group>"; };
		D6216953269F2CCB0000199B /* ProductTableViewCell.swift */ = {isa = PBXFileReference; lastKnownFileType = sourcecode.swift; path = ProductTableViewCell.swift; sourceTree = "<group>"; };
		D6216954269F2CCB0000199B /* ProductTableViewCell.xib */ = {isa = PBXFileReference; lastKnownFileType = file.xib; path = ProductTableViewCell.xib; sourceTree = "<group>"; };
		D6216958269F2D9E0000199B /* UniversalLinkOpenInApp.swift */ = {isa = PBXFileReference; fileEncoding = 4; lastKnownFileType = sourcecode.swift; path = UniversalLinkOpenInApp.swift; sourceTree = "<group>"; };
		D621695A269F2D9E0000199B /* TranslationTarget.swift */ = {isa = PBXFileReference; fileEncoding = 4; lastKnownFileType = sourcecode.swift; path = TranslationTarget.swift; sourceTree = "<group>"; };
		D621695B269F2D9E0000199B /* BottomSheetPresentationController.swift */ = {isa = PBXFileReference; fileEncoding = 4; lastKnownFileType = sourcecode.swift; path = BottomSheetPresentationController.swift; sourceTree = "<group>"; };
		D621695C269F2D9E0000199B /* BottomSheetTransitioningDelegate.swift */ = {isa = PBXFileReference; fileEncoding = 4; lastKnownFileType = sourcecode.swift; path = BottomSheetTransitioningDelegate.swift; sourceTree = "<group>"; };
		D621695D269F2D9E0000199B /* BottomSheetNavigationController.swift */ = {isa = PBXFileReference; fileEncoding = 4; lastKnownFileType = sourcecode.swift; path = BottomSheetNavigationController.swift; sourceTree = "<group>"; };
		D621695E269F2D9E0000199B /* SpringAnimator.swift */ = {isa = PBXFileReference; fileEncoding = 4; lastKnownFileType = sourcecode.swift; path = SpringAnimator.swift; sourceTree = "<group>"; };
		D621695F269F2D9E0000199B /* BottomSheetView.swift */ = {isa = PBXFileReference; fileEncoding = 4; lastKnownFileType = sourcecode.swift; path = BottomSheetView.swift; sourceTree = "<group>"; };
		D6216960269F2D9E0000199B /* BottomSheetCalculator.swift */ = {isa = PBXFileReference; fileEncoding = 4; lastKnownFileType = sourcecode.swift; path = BottomSheetCalculator.swift; sourceTree = "<group>"; };
		D6216961269F2D9E0000199B /* NVLocationManager.swift */ = {isa = PBXFileReference; fileEncoding = 4; lastKnownFileType = sourcecode.swift; path = NVLocationManager.swift; sourceTree = "<group>"; };
		D6216962269F2D9E0000199B /* Logger.swift */ = {isa = PBXFileReference; fileEncoding = 4; lastKnownFileType = sourcecode.swift; path = Logger.swift; sourceTree = "<group>"; };
		D6216965269F2D9E0000199B /* SecureStoreError.swift */ = {isa = PBXFileReference; fileEncoding = 4; lastKnownFileType = sourcecode.swift; path = SecureStoreError.swift; sourceTree = "<group>"; };
		D6216966269F2D9E0000199B /* SecureStore.swift */ = {isa = PBXFileReference; fileEncoding = 4; lastKnownFileType = sourcecode.swift; path = SecureStore.swift; sourceTree = "<group>"; };
		D6216967269F2D9E0000199B /* OTPTimer.swift */ = {isa = PBXFileReference; fileEncoding = 4; lastKnownFileType = sourcecode.swift; path = OTPTimer.swift; sourceTree = "<group>"; };
		D6216968269F2D9E0000199B /* SecureStoreQueryable.swift */ = {isa = PBXFileReference; fileEncoding = 4; lastKnownFileType = sourcecode.swift; path = SecureStoreQueryable.swift; sourceTree = "<group>"; };
		D6216969269F2D9E0000199B /* CodableGanerics.swift */ = {isa = PBXFileReference; fileEncoding = 4; lastKnownFileType = sourcecode.swift; path = CodableGanerics.swift; sourceTree = "<group>"; };
		D621696A269F2D9E0000199B /* AlertController.swift */ = {isa = PBXFileReference; fileEncoding = 4; lastKnownFileType = sourcecode.swift; path = AlertController.swift; sourceTree = "<group>"; };
		D621696B269F2D9F0000199B /* NvDatePicker.swift */ = {isa = PBXFileReference; fileEncoding = 4; lastKnownFileType = sourcecode.swift; path = NvDatePicker.swift; sourceTree = "<group>"; };
		D621696C269F2D9F0000199B /* NvImagePicker.swift */ = {isa = PBXFileReference; fileEncoding = 4; lastKnownFileType = sourcecode.swift; path = NvImagePicker.swift; sourceTree = "<group>"; };
		D621696E269F2D9F0000199B /* StackViewExtension.swift */ = {isa = PBXFileReference; fileEncoding = 4; lastKnownFileType = sourcecode.swift; path = StackViewExtension.swift; sourceTree = "<group>"; };
		D621696F269F2D9F0000199B /* CircleProgress Bar.swift */ = {isa = PBXFileReference; fileEncoding = 4; lastKnownFileType = sourcecode.swift; path = "CircleProgress Bar.swift"; sourceTree = "<group>"; };
		D6216970269F2D9F0000199B /* NavigationButtonsVCExtension.swift */ = {isa = PBXFileReference; fileEncoding = 4; lastKnownFileType = sourcecode.swift; path = NavigationButtonsVCExtension.swift; sourceTree = "<group>"; };
		D6216971269F2D9F0000199B /* ViewControllerExtension.swift */ = {isa = PBXFileReference; fileEncoding = 4; lastKnownFileType = sourcecode.swift; path = ViewControllerExtension.swift; sourceTree = "<group>"; };
		D6216972269F2D9F0000199B /* ScrollViewExtensions.swift */ = {isa = PBXFileReference; fileEncoding = 4; lastKnownFileType = sourcecode.swift; path = ScrollViewExtensions.swift; sourceTree = "<group>"; };
		D6216973269F2D9F0000199B /* UIApplicationExtension.swift */ = {isa = PBXFileReference; fileEncoding = 4; lastKnownFileType = sourcecode.swift; path = UIApplicationExtension.swift; sourceTree = "<group>"; };
		D6216974269F2D9F0000199B /* NavigationBarSetup.swift */ = {isa = PBXFileReference; fileEncoding = 4; lastKnownFileType = sourcecode.swift; path = NavigationBarSetup.swift; sourceTree = "<group>"; };
		D6216975269F2D9F0000199B /* ImageExtension.swift */ = {isa = PBXFileReference; fileEncoding = 4; lastKnownFileType = sourcecode.swift; path = ImageExtension.swift; sourceTree = "<group>"; };
		D6216976269F2D9F0000199B /* UIViewExtension.swift */ = {isa = PBXFileReference; fileEncoding = 4; lastKnownFileType = sourcecode.swift; path = UIViewExtension.swift; sourceTree = "<group>"; };
		D6216977269F2D9F0000199B /* DesignableView.swift */ = {isa = PBXFileReference; fileEncoding = 4; lastKnownFileType = sourcecode.swift; path = DesignableView.swift; sourceTree = "<group>"; };
		D6216978269F2D9F0000199B /* HyperLinkLable.swift */ = {isa = PBXFileReference; fileEncoding = 4; lastKnownFileType = sourcecode.swift; path = HyperLinkLable.swift; sourceTree = "<group>"; };
		D6216979269F2D9F0000199B /* StringExtension.swift */ = {isa = PBXFileReference; fileEncoding = 4; lastKnownFileType = sourcecode.swift; path = StringExtension.swift; sourceTree = "<group>"; };
		D621697A269F2D9F0000199B /* UIStoryBoard Extension.swift */ = {isa = PBXFileReference; fileEncoding = 4; lastKnownFileType = sourcecode.swift; path = "UIStoryBoard Extension.swift"; sourceTree = "<group>"; };
		D621697B269F2D9F0000199B /* URLCommponents.swift */ = {isa = PBXFileReference; fileEncoding = 4; lastKnownFileType = sourcecode.swift; path = URLCommponents.swift; sourceTree = "<group>"; };
		D621697C269F2D9F0000199B /* Threads.swift */ = {isa = PBXFileReference; fileEncoding = 4; lastKnownFileType = sourcecode.swift; path = Threads.swift; sourceTree = "<group>"; };
		D621697D269F2D9F0000199B /* ImageSlider.swift */ = {isa = PBXFileReference; fileEncoding = 4; lastKnownFileType = sourcecode.swift; path = ImageSlider.swift; sourceTree = "<group>"; };
		D621697E269F2D9F0000199B /* TextFieldAndLabelExtension.swift */ = {isa = PBXFileReference; fileEncoding = 4; lastKnownFileType = sourcecode.swift; path = TextFieldAndLabelExtension.swift; sourceTree = "<group>"; };
		D621697F269F2D9F0000199B /* DateExtension.swift */ = {isa = PBXFileReference; fileEncoding = 4; lastKnownFileType = sourcecode.swift; path = DateExtension.swift; sourceTree = "<group>"; };
		D6216980269F2D9F0000199B /* TableViewExtension.swift */ = {isa = PBXFileReference; fileEncoding = 4; lastKnownFileType = sourcecode.swift; path = TableViewExtension.swift; sourceTree = "<group>"; };
		D6216981269F2D9F0000199B /* BarItemBadgeExtension.swift */ = {isa = PBXFileReference; fileEncoding = 4; lastKnownFileType = sourcecode.swift; path = BarItemBadgeExtension.swift; sourceTree = "<group>"; };
		D6216982269F2D9F0000199B /* ImageSaver.swift */ = {isa = PBXFileReference; fileEncoding = 4; lastKnownFileType = sourcecode.swift; path = ImageSaver.swift; sourceTree = "<group>"; };
		D6216983269F2D9F0000199B /* TextViewPlaceholder.swift */ = {isa = PBXFileReference; fileEncoding = 4; lastKnownFileType = sourcecode.swift; path = TextViewPlaceholder.swift; sourceTree = "<group>"; };
		D6216985269F2D9F0000199B /* KingfisherSource.swift */ = {isa = PBXFileReference; fileEncoding = 4; lastKnownFileType = sourcecode.swift; path = KingfisherSource.swift; sourceTree = "<group>"; };
		D6216986269F2D9F0000199B /* SwiftMessages.swift */ = {isa = PBXFileReference; fileEncoding = 4; lastKnownFileType = sourcecode.swift; path = SwiftMessages.swift; sourceTree = "<group>"; };
		D6216989269F2D9F0000199B /* DropDownExtension.swift */ = {isa = PBXFileReference; fileEncoding = 4; lastKnownFileType = sourcecode.swift; path = DropDownExtension.swift; sourceTree = "<group>"; };
		D621698A269F2D9F0000199B /* ImageViewController.swift */ = {isa = PBXFileReference; fileEncoding = 4; lastKnownFileType = sourcecode.swift; path = ImageViewController.swift; sourceTree = "<group>"; };
		D621698B269F2D9F0000199B /* ProgressHud.swift */ = {isa = PBXFileReference; fileEncoding = 4; lastKnownFileType = sourcecode.swift; path = ProgressHud.swift; sourceTree = "<group>"; };
		D621698D269F2D9F0000199B /* JGProgressHud.swift */ = {isa = PBXFileReference; fileEncoding = 4; lastKnownFileType = sourcecode.swift; path = JGProgressHud.swift; sourceTree = "<group>"; };
		D621698F269F2D9F0000199B /* NvLoader.swift */ = {isa = PBXFileReference; fileEncoding = 4; lastKnownFileType = sourcecode.swift; path = NvLoader.swift; sourceTree = "<group>"; };
		D62169C5269F30460000199B /* ProductModels.swift */ = {isa = PBXFileReference; lastKnownFileType = sourcecode.swift; path = ProductModels.swift; sourceTree = "<group>"; };
		D62169C8269F40EA0000199B /* RegisterCustomerVC.swift */ = {isa = PBXFileReference; lastKnownFileType = sourcecode.swift; path = RegisterCustomerVC.swift; sourceTree = "<group>"; };
		D6FC13C8269DEB200089A4FC /* CategoriesVC.swift */ = {isa = PBXFileReference; lastKnownFileType = sourcecode.swift; path = CategoriesVC.swift; sourceTree = "<group>"; };
		D6FC13CA269DEB470089A4FC /* ProductsVC.swift */ = {isa = PBXFileReference; lastKnownFileType = sourcecode.swift; path = ProductsVC.swift; sourceTree = "<group>"; };
		DF0C71E6A18C23C97493A53E /* Pods_E_BookStoreTests.framework */ = {isa = PBXFileReference; explicitFileType = wrapper.framework; includeInIndex = 0; path = Pods_E_BookStoreTests.framework; sourceTree = BUILT_PRODUCTS_DIR; };
		F60C7F445B06BD48DB469716 /* Pods-E-BookStore.debug.xcconfig */ = {isa = PBXFileReference; includeInIndex = 1; lastKnownFileType = text.xcconfig; name = "Pods-E-BookStore.debug.xcconfig"; path = "Target Support Files/Pods-E-BookStore/Pods-E-BookStore.debug.xcconfig"; sourceTree = "<group>"; };
/* End PBXFileReference section */

/* Begin PBXFrameworksBuildPhase section */
		1DAA27D9269860390057ADF9 /* Frameworks */ = {
			isa = PBXFrameworksBuildPhase;
			buildActionMask = 2147483647;
			files = (
				8AEC6B1648D08B0EF2208847 /* Pods_E_BookStore.framework in Frameworks */,
			);
			runOnlyForDeploymentPostprocessing = 0;
		};
		1DAA27EF2698603B0057ADF9 /* Frameworks */ = {
			isa = PBXFrameworksBuildPhase;
			buildActionMask = 2147483647;
			files = (
				1D7C8E5E77AAA237E0DC1190 /* Pods_E_BookStoreTests.framework in Frameworks */,
			);
			runOnlyForDeploymentPostprocessing = 0;
		};
		1DAA27FA2698603B0057ADF9 /* Frameworks */ = {
			isa = PBXFrameworksBuildPhase;
			buildActionMask = 2147483647;
			files = (
				EC8BA0EF07F3B25F1C67AE72 /* Pods_E_BookStore_E_BookStoreUITests.framework in Frameworks */,
			);
			runOnlyForDeploymentPostprocessing = 0;
		};
/* End PBXFrameworksBuildPhase section */

/* Begin PBXGroup section */
		1D5A4FF926AC790400ACA0E1 /* Modules */ = {
			isa = PBXGroup;
			children = (
				1D5A4FFF26AC794100ACA0E1 /* Common */,
				1D5A4FFE26AC792000ACA0E1 /* Customer */,
				1D5A4FFD26AC791700ACA0E1 /* Admin */,
			);
			path = Modules;
			sourceTree = "<group>";
		};
		1D5A4FFD26AC791700ACA0E1 /* Admin */ = {
			isa = PBXGroup;
			children = (
				D6216948269F0DE30000199B /* AdminTabbarController.swift */,
				D6FC13CA269DEB470089A4FC /* ProductsVC.swift */,
				D621694E269F15540000199B /* CustomersVC.swift */,
				D6FC13C8269DEB200089A4FC /* CategoriesVC.swift */,
				D6216944269F0DAC0000199B /* DashboardVC.swift */,
				D6216950269F15630000199B /* AdminOrdersVC.swift */,
				D621694A269F0E200000199B /* AddProductVC.swift */,
			);
			path = Admin;
			sourceTree = "<group>";
		};
		1D5A4FFE26AC792000ACA0E1 /* Customer */ = {
			isa = PBXGroup;
			children = (
				1D5EE27D26A3728E000208B4 /* CustomerTabbarController.swift */,
				D62169C8269F40EA0000199B /* RegisterCustomerVC.swift */,
				1D5A500026AC7AAE00ACA0E1 /* CustomerProductsVC.swift */,
				D621694C269F14840000199B /* ProductDetailVC.swift */,
				1D5A500B26AC7C4F00ACA0E1 /* CartVC.swift */,
				1D5A502626AC84FC00ACA0E1 /* NotificationsVC.swift */,
			);
			path = Customer;
			sourceTree = "<group>";
		};
		1D5A4FFF26AC794100ACA0E1 /* Common */ = {
			isa = PBXGroup;
			children = (
				1DAA27E3269860390057ADF9 /* AccountTypeVC.swift */,
				D6216946269F0DBC0000199B /* LoginVC.swift */,
				1DD9D15E26A5AC1A00A39D4C /* Environment.swift */,
				1DAA27E5269860390057ADF9 /* Main.storyboard */,
			);
			path = Common;
			sourceTree = "<group>";
		};
		1DAA27D3269860390057ADF9 = {
			isa = PBXGroup;
			children = (
				1DAA27DE269860390057ADF9 /* E-BookStore */,
				1DAA27F52698603B0057ADF9 /* E-BookStoreTests */,
				1DAA28002698603B0057ADF9 /* E-BookStoreUITests */,
				1DAA27DD269860390057ADF9 /* Products */,
				3A94B0411B5599CBD0E59F28 /* Pods */,
				95AAD018609B00498DDB4097 /* Frameworks */,
			);
			sourceTree = "<group>";
		};
		1DAA27DD269860390057ADF9 /* Products */ = {
			isa = PBXGroup;
			children = (
				1DAA27DC269860390057ADF9 /* E-BookStore.app */,
				1DAA27F22698603B0057ADF9 /* E-BookStoreTests.xctest */,
				1DAA27FD2698603B0057ADF9 /* E-BookStoreUITests.xctest */,
			);
			name = Products;
			sourceTree = "<group>";
		};
		1DAA27DE269860390057ADF9 /* E-BookStore */ = {
			isa = PBXGroup;
			children = (
				1DAA27DF269860390057ADF9 /* AppDelegate.swift */,
				1DAA27E1269860390057ADF9 /* SceneDelegate.swift */,
				D6216957269F2D9E0000199B /* Helper Classes  */,
				D62169C7269F304D0000199B /* Models */,
				D6216952269F2CAD0000199B /* TableViewCells */,
				1D5A4FF926AC790400ACA0E1 /* Modules */,
				1DAA27E82698603B0057ADF9 /* Assets.xcassets */,
				1DAA27EA2698603B0057ADF9 /* LaunchScreen.storyboard */,
				1DAA27ED2698603B0057ADF9 /* Info.plist */,
				1D587944269CAC3A007FCDF8 /* GoogleService-Info.plist */,
			);
			path = "E-BookStore";
			sourceTree = "<group>";
		};
		1DAA27F52698603B0057ADF9 /* E-BookStoreTests */ = {
			isa = PBXGroup;
			children = (
				1DAA27F62698603B0057ADF9 /* E_BookStoreTests.swift */,
				1DAA27F82698603B0057ADF9 /* Info.plist */,
			);
			path = "E-BookStoreTests";
			sourceTree = "<group>";
		};
		1DAA28002698603B0057ADF9 /* E-BookStoreUITests */ = {
			isa = PBXGroup;
			children = (
				1DAA28012698603B0057ADF9 /* E_BookStoreUITests.swift */,
				1DAA28032698603B0057ADF9 /* Info.plist */,
			);
			path = "E-BookStoreUITests";
			sourceTree = "<group>";
		};
		3A94B0411B5599CBD0E59F28 /* Pods */ = {
			isa = PBXGroup;
			children = (
				F60C7F445B06BD48DB469716 /* Pods-E-BookStore.debug.xcconfig */,
				7F5354ECB3543D210FF66221 /* Pods-E-BookStore.release.xcconfig */,
				70F2CF0EC74FD0B41C166C9A /* Pods-E-BookStore-E-BookStoreUITests.debug.xcconfig */,
				CB31B1FE15652862E68ED16A /* Pods-E-BookStore-E-BookStoreUITests.release.xcconfig */,
				D25105EB1FCF19E378921E06 /* Pods-E-BookStoreTests.debug.xcconfig */,
				B8C062EDDF13153836FD13A0 /* Pods-E-BookStoreTests.release.xcconfig */,
			);
			path = Pods;
			sourceTree = "<group>";
		};
		95AAD018609B00498DDB4097 /* Frameworks */ = {
			isa = PBXGroup;
			children = (
				1DB63AEF40A66C5E20FCED5A /* Pods_E_BookStore.framework */,
				8459AEAAAF2C33CAD82BA8D6 /* Pods_E_BookStore_E_BookStoreUITests.framework */,
				DF0C71E6A18C23C97493A53E /* Pods_E_BookStoreTests.framework */,
			);
			name = Frameworks;
			sourceTree = "<group>";
		};
		D6216952269F2CAD0000199B /* TableViewCells */ = {
			isa = PBXGroup;
			children = (
				D6216953269F2CCB0000199B /* ProductTableViewCell.swift */,
				D6216954269F2CCB0000199B /* ProductTableViewCell.xib */,
				1D5A501826AC7CD200ACA0E1 /* CartTableViewCell.swift */,
				1D5A501926AC7CD200ACA0E1 /* CartTableViewCell.xib */,
				1D5A502026AC841900ACA0E1 /* NotificationTableViewCell.swift */,
				1D5A501F26AC841900ACA0E1 /* NotificationTableViewCell.xib */,
			);
			path = TableViewCells;
			sourceTree = "<group>";
		};
		D6216957269F2D9E0000199B /* Helper Classes  */ = {
			isa = PBXGroup;
			children = (
				D62169C4269F2F4F0000199B /* activityLoaders */,
				D6216964269F2D9E0000199B /* SecureStore */,
				D6216959269F2D9E0000199B /* BottomSheetController */,
				D621696D269F2D9F0000199B /* Extensions */,
				D6216958269F2D9E0000199B /* UniversalLinkOpenInApp.swift */,
				D6216961269F2D9E0000199B /* NVLocationManager.swift */,
				D6216962269F2D9E0000199B /* Logger.swift */,
				D6216969269F2D9E0000199B /* CodableGanerics.swift */,
				D621696A269F2D9E0000199B /* AlertController.swift */,
				D621696B269F2D9F0000199B /* NvDatePicker.swift */,
				D621696C269F2D9F0000199B /* NvImagePicker.swift */,
				D6216982269F2D9F0000199B /* ImageSaver.swift */,
				D6216983269F2D9F0000199B /* TextViewPlaceholder.swift */,
				D6216984269F2D9F0000199B /* Dependancies */,
			);
			path = "Helper Classes ";
			sourceTree = "<group>";
		};
		D6216959269F2D9E0000199B /* BottomSheetController */ = {
			isa = PBXGroup;
			children = (
				D621695A269F2D9E0000199B /* TranslationTarget.swift */,
				D621695B269F2D9E0000199B /* BottomSheetPresentationController.swift */,
				D621695C269F2D9E0000199B /* BottomSheetTransitioningDelegate.swift */,
				D621695D269F2D9E0000199B /* BottomSheetNavigationController.swift */,
				D621695E269F2D9E0000199B /* SpringAnimator.swift */,
				D621695F269F2D9E0000199B /* BottomSheetView.swift */,
				D6216960269F2D9E0000199B /* BottomSheetCalculator.swift */,
			);
			path = BottomSheetController;
			sourceTree = "<group>";
		};
		D6216964269F2D9E0000199B /* SecureStore */ = {
			isa = PBXGroup;
			children = (
				D6216965269F2D9E0000199B /* SecureStoreError.swift */,
				D6216966269F2D9E0000199B /* SecureStore.swift */,
				D6216967269F2D9E0000199B /* OTPTimer.swift */,
				D6216968269F2D9E0000199B /* SecureStoreQueryable.swift */,
			);
			path = SecureStore;
			sourceTree = "<group>";
		};
		D621696D269F2D9F0000199B /* Extensions */ = {
			isa = PBXGroup;
			children = (
				D621696E269F2D9F0000199B /* StackViewExtension.swift */,
				D621696F269F2D9F0000199B /* CircleProgress Bar.swift */,
				D6216970269F2D9F0000199B /* NavigationButtonsVCExtension.swift */,
				D6216971269F2D9F0000199B /* ViewControllerExtension.swift */,
				D6216972269F2D9F0000199B /* ScrollViewExtensions.swift */,
				D6216973269F2D9F0000199B /* UIApplicationExtension.swift */,
				D6216974269F2D9F0000199B /* NavigationBarSetup.swift */,
				D6216975269F2D9F0000199B /* ImageExtension.swift */,
				D6216976269F2D9F0000199B /* UIViewExtension.swift */,
				D6216977269F2D9F0000199B /* DesignableView.swift */,
				D6216978269F2D9F0000199B /* HyperLinkLable.swift */,
				D6216979269F2D9F0000199B /* StringExtension.swift */,
				D621697A269F2D9F0000199B /* UIStoryBoard Extension.swift */,
				D621697B269F2D9F0000199B /* URLCommponents.swift */,
				D621697C269F2D9F0000199B /* Threads.swift */,
				D621697E269F2D9F0000199B /* TextFieldAndLabelExtension.swift */,
				D621697F269F2D9F0000199B /* DateExtension.swift */,
				D6216980269F2D9F0000199B /* TableViewExtension.swift */,
				D6216981269F2D9F0000199B /* BarItemBadgeExtension.swift */,
			);
			path = Extensions;
			sourceTree = "<group>";
		};
		D6216984269F2D9F0000199B /* Dependancies */ = {
			isa = PBXGroup;
			children = (
				D621697D269F2D9F0000199B /* ImageSlider.swift */,
				D6216985269F2D9F0000199B /* KingfisherSource.swift */,
				D6216986269F2D9F0000199B /* SwiftMessages.swift */,
				D6216989269F2D9F0000199B /* DropDownExtension.swift */,
				D621698A269F2D9F0000199B /* ImageViewController.swift */,
			);
			path = Dependancies;
			sourceTree = "<group>";
		};
		D62169C4269F2F4F0000199B /* activityLoaders */ = {
			isa = PBXGroup;
			children = (
				D621698B269F2D9F0000199B /* ProgressHud.swift */,
				D621698D269F2D9F0000199B /* JGProgressHud.swift */,
				D621698F269F2D9F0000199B /* NvLoader.swift */,
			);
			path = activityLoaders;
			sourceTree = "<group>";
		};
		D62169C7269F304D0000199B /* Models */ = {
			isa = PBXGroup;
			children = (
				D62169C5269F30460000199B /* ProductModels.swift */,
			);
			path = Models;
			sourceTree = "<group>";
		};
/* End PBXGroup section */

/* Begin PBXNativeTarget section */
		1DAA27DB269860390057ADF9 /* E-BookStore */ = {
			isa = PBXNativeTarget;
			buildConfigurationList = 1DAA28062698603B0057ADF9 /* Build configuration list for PBXNativeTarget "E-BookStore" */;
			buildPhases = (
				F83DEA7D8E56653A53B2B4FF /* [CP] Check Pods Manifest.lock */,
				1DAA27D8269860390057ADF9 /* Sources */,
				1DAA27D9269860390057ADF9 /* Frameworks */,
				1DAA27DA269860390057ADF9 /* Resources */,
			);
			buildRules = (
			);
			dependencies = (
			);
			name = "E-BookStore";
			productName = "E-BookStore";
			productReference = 1DAA27DC269860390057ADF9 /* E-BookStore.app */;
			productType = "com.apple.product-type.application";
		};
		1DAA27F12698603B0057ADF9 /* E-BookStoreTests */ = {
			isa = PBXNativeTarget;
			buildConfigurationList = 1DAA28092698603B0057ADF9 /* Build configuration list for PBXNativeTarget "E-BookStoreTests" */;
			buildPhases = (
				1F9F5135660B4D27063C4554 /* [CP] Check Pods Manifest.lock */,
				1DAA27EE2698603B0057ADF9 /* Sources */,
				1DAA27EF2698603B0057ADF9 /* Frameworks */,
				1DAA27F02698603B0057ADF9 /* Resources */,
			);
			buildRules = (
			);
			dependencies = (
				1DAA27F42698603B0057ADF9 /* PBXTargetDependency */,
			);
			name = "E-BookStoreTests";
			productName = "E-BookStoreTests";
			productReference = 1DAA27F22698603B0057ADF9 /* E-BookStoreTests.xctest */;
			productType = "com.apple.product-type.bundle.unit-test";
		};
		1DAA27FC2698603B0057ADF9 /* E-BookStoreUITests */ = {
			isa = PBXNativeTarget;
			buildConfigurationList = 1DAA280C2698603B0057ADF9 /* Build configuration list for PBXNativeTarget "E-BookStoreUITests" */;
			buildPhases = (
				4E2E08E5A40D6D2F30DE37B7 /* [CP] Check Pods Manifest.lock */,
				1DAA27F92698603B0057ADF9 /* Sources */,
				1DAA27FA2698603B0057ADF9 /* Frameworks */,
				1DAA27FB2698603B0057ADF9 /* Resources */,
				0046874FF17F117DC35DD3E7 /* [CP] Embed Pods Frameworks */,
			);
			buildRules = (
			);
			dependencies = (
				1DAA27FF2698603B0057ADF9 /* PBXTargetDependency */,
			);
			name = "E-BookStoreUITests";
			productName = "E-BookStoreUITests";
			productReference = 1DAA27FD2698603B0057ADF9 /* E-BookStoreUITests.xctest */;
			productType = "com.apple.product-type.bundle.ui-testing";
		};
/* End PBXNativeTarget section */

/* Begin PBXProject section */
		1DAA27D4269860390057ADF9 /* Project object */ = {
			isa = PBXProject;
			attributes = {
				LastSwiftUpdateCheck = 1240;
				LastUpgradeCheck = 1240;
				TargetAttributes = {
					1DAA27DB269860390057ADF9 = {
						CreatedOnToolsVersion = 12.4;
					};
					1DAA27F12698603B0057ADF9 = {
						CreatedOnToolsVersion = 12.4;
						TestTargetID = 1DAA27DB269860390057ADF9;
					};
					1DAA27FC2698603B0057ADF9 = {
						CreatedOnToolsVersion = 12.4;
						TestTargetID = 1DAA27DB269860390057ADF9;
					};
				};
			};
			buildConfigurationList = 1DAA27D7269860390057ADF9 /* Build configuration list for PBXProject "E-BookStore" */;
			compatibilityVersion = "Xcode 9.3";
			developmentRegion = en;
			hasScannedForEncodings = 0;
			knownRegions = (
				en,
				Base,
			);
			mainGroup = 1DAA27D3269860390057ADF9;
			productRefGroup = 1DAA27DD269860390057ADF9 /* Products */;
			projectDirPath = "";
			projectRoot = "";
			targets = (
				1DAA27DB269860390057ADF9 /* E-BookStore */,
				1DAA27F12698603B0057ADF9 /* E-BookStoreTests */,
				1DAA27FC2698603B0057ADF9 /* E-BookStoreUITests */,
			);
		};
/* End PBXProject section */

/* Begin PBXResourcesBuildPhase section */
		1DAA27DA269860390057ADF9 /* Resources */ = {
			isa = PBXResourcesBuildPhase;
			buildActionMask = 2147483647;
			files = (
				1DAA27EC2698603B0057ADF9 /* LaunchScreen.storyboard in Resources */,
				1DAA27E92698603B0057ADF9 /* Assets.xcassets in Resources */,
				D6216956269F2CCB0000199B /* ProductTableViewCell.xib in Resources */,
				1D5A501B26AC7CD200ACA0E1 /* CartTableViewCell.xib in Resources */,
				1DAA27E7269860390057ADF9 /* Main.storyboard in Resources */,
				1D5A502126AC841A00ACA0E1 /* NotificationTableViewCell.xib in Resources */,
				1D587945269CAC3A007FCDF8 /* GoogleService-Info.plist in Resources */,
			);
			runOnlyForDeploymentPostprocessing = 0;
		};
		1DAA27F02698603B0057ADF9 /* Resources */ = {
			isa = PBXResourcesBuildPhase;
			buildActionMask = 2147483647;
			files = (
			);
			runOnlyForDeploymentPostprocessing = 0;
		};
		1DAA27FB2698603B0057ADF9 /* Resources */ = {
			isa = PBXResourcesBuildPhase;
			buildActionMask = 2147483647;
			files = (
			);
			runOnlyForDeploymentPostprocessing = 0;
		};
/* End PBXResourcesBuildPhase section */

/* Begin PBXShellScriptBuildPhase section */
		0046874FF17F117DC35DD3E7 /* [CP] Embed Pods Frameworks */ = {
			isa = PBXShellScriptBuildPhase;
			buildActionMask = 2147483647;
			files = (
			);
			inputFileListPaths = (
				"${PODS_ROOT}/Target Support Files/Pods-E-BookStore-E-BookStoreUITests/Pods-E-BookStore-E-BookStoreUITests-frameworks-${CONFIGURATION}-input-files.xcfilelist",
			);
			name = "[CP] Embed Pods Frameworks";
			outputFileListPaths = (
				"${PODS_ROOT}/Target Support Files/Pods-E-BookStore-E-BookStoreUITests/Pods-E-BookStore-E-BookStoreUITests-frameworks-${CONFIGURATION}-output-files.xcfilelist",
			);
			runOnlyForDeploymentPostprocessing = 0;
			shellPath = /bin/sh;
			shellScript = "\"${PODS_ROOT}/Target Support Files/Pods-E-BookStore-E-BookStoreUITests/Pods-E-BookStore-E-BookStoreUITests-frameworks.sh\"\n";
			showEnvVarsInLog = 0;
		};
		1F9F5135660B4D27063C4554 /* [CP] Check Pods Manifest.lock */ = {
			isa = PBXShellScriptBuildPhase;
			buildActionMask = 2147483647;
			files = (
			);
			inputFileListPaths = (
			);
			inputPaths = (
				"${PODS_PODFILE_DIR_PATH}/Podfile.lock",
				"${PODS_ROOT}/Manifest.lock",
			);
			name = "[CP] Check Pods Manifest.lock";
			outputFileListPaths = (
			);
			outputPaths = (
				"$(DERIVED_FILE_DIR)/Pods-E-BookStoreTests-checkManifestLockResult.txt",
			);
			runOnlyForDeploymentPostprocessing = 0;
			shellPath = /bin/sh;
			shellScript = "diff \"${PODS_PODFILE_DIR_PATH}/Podfile.lock\" \"${PODS_ROOT}/Manifest.lock\" > /dev/null\nif [ $? != 0 ] ; then\n    # print error to STDERR\n    echo \"error: The sandbox is not in sync with the Podfile.lock. Run 'pod install' or update your CocoaPods installation.\" >&2\n    exit 1\nfi\n# This output is used by Xcode 'outputs' to avoid re-running this script phase.\necho \"SUCCESS\" > \"${SCRIPT_OUTPUT_FILE_0}\"\n";
			showEnvVarsInLog = 0;
		};
		4E2E08E5A40D6D2F30DE37B7 /* [CP] Check Pods Manifest.lock */ = {
			isa = PBXShellScriptBuildPhase;
			buildActionMask = 2147483647;
			files = (
			);
			inputFileListPaths = (
			);
			inputPaths = (
				"${PODS_PODFILE_DIR_PATH}/Podfile.lock",
				"${PODS_ROOT}/Manifest.lock",
			);
			name = "[CP] Check Pods Manifest.lock";
			outputFileListPaths = (
			);
			outputPaths = (
				"$(DERIVED_FILE_DIR)/Pods-E-BookStore-E-BookStoreUITests-checkManifestLockResult.txt",
			);
			runOnlyForDeploymentPostprocessing = 0;
			shellPath = /bin/sh;
			shellScript = "diff \"${PODS_PODFILE_DIR_PATH}/Podfile.lock\" \"${PODS_ROOT}/Manifest.lock\" > /dev/null\nif [ $? != 0 ] ; then\n    # print error to STDERR\n    echo \"error: The sandbox is not in sync with the Podfile.lock. Run 'pod install' or update your CocoaPods installation.\" >&2\n    exit 1\nfi\n# This output is used by Xcode 'outputs' to avoid re-running this script phase.\necho \"SUCCESS\" > \"${SCRIPT_OUTPUT_FILE_0}\"\n";
			showEnvVarsInLog = 0;
		};
		F83DEA7D8E56653A53B2B4FF /* [CP] Check Pods Manifest.lock */ = {
			isa = PBXShellScriptBuildPhase;
			buildActionMask = 2147483647;
			files = (
			);
			inputFileListPaths = (
			);
			inputPaths = (
				"${PODS_PODFILE_DIR_PATH}/Podfile.lock",
				"${PODS_ROOT}/Manifest.lock",
			);
			name = "[CP] Check Pods Manifest.lock";
			outputFileListPaths = (
			);
			outputPaths = (
				"$(DERIVED_FILE_DIR)/Pods-E-BookStore-checkManifestLockResult.txt",
			);
			runOnlyForDeploymentPostprocessing = 0;
			shellPath = /bin/sh;
			shellScript = "diff \"${PODS_PODFILE_DIR_PATH}/Podfile.lock\" \"${PODS_ROOT}/Manifest.lock\" > /dev/null\nif [ $? != 0 ] ; then\n    # print error to STDERR\n    echo \"error: The sandbox is not in sync with the Podfile.lock. Run 'pod install' or update your CocoaPods installation.\" >&2\n    exit 1\nfi\n# This output is used by Xcode 'outputs' to avoid re-running this script phase.\necho \"SUCCESS\" > \"${SCRIPT_OUTPUT_FILE_0}\"\n";
			showEnvVarsInLog = 0;
		};
/* End PBXShellScriptBuildPhase section */

/* Begin PBXSourcesBuildPhase section */
		1DAA27D8269860390057ADF9 /* Sources */ = {
			isa = PBXSourcesBuildPhase;
			buildActionMask = 2147483647;
			files = (
				D62169A3269F2D9F0000199B /* StackViewExtension.swift in Sources */,
				1DD9D15F26A5AC1A00A39D4C /* Environment.swift in Sources */,
				1D5EE27E26A3728E000208B4 /* CustomerTabbarController.swift in Sources */,
				D62169BD269F2D9F0000199B /* DropDownExtension.swift in Sources */,
				D6216993269F2D9F0000199B /* BottomSheetTransitioningDelegate.swift in Sources */,
				D62169B2269F2D9F0000199B /* ImageSlider.swift in Sources */,
				D62169C3269F2D9F0000199B /* NvLoader.swift in Sources */,
				D62169BA269F2D9F0000199B /* SwiftMessages.swift in Sources */,
				D6216996269F2D9F0000199B /* BottomSheetView.swift in Sources */,
				D6216992269F2D9F0000199B /* BottomSheetPresentationController.swift in Sources */,
				1D5A500126AC7AAE00ACA0E1 /* CustomerProductsVC.swift in Sources */,
				D62169AB269F2D9F0000199B /* UIViewExtension.swift in Sources */,
				D62169AD269F2D9F0000199B /* HyperLinkLable.swift in Sources */,
				D62169B3269F2D9F0000199B /* TextFieldAndLabelExtension.swift in Sources */,
				D6FC13CB269DEB470089A4FC /* ProductsVC.swift in Sources */,
				D6216951269F15630000199B /* AdminOrdersVC.swift in Sources */,
				D621694D269F14840000199B /* ProductDetailVC.swift in Sources */,
				D62169B4269F2D9F0000199B /* DateExtension.swift in Sources */,
				D6FC13C9269DEB200089A4FC /* CategoriesVC.swift in Sources */,
				D6216947269F0DBC0000199B /* LoginVC.swift in Sources */,
				D62169A5269F2D9F0000199B /* NavigationButtonsVCExtension.swift in Sources */,
				D62169A7269F2D9F0000199B /* ScrollViewExtensions.swift in Sources */,
				1D5A502726AC84FC00ACA0E1 /* NotificationsVC.swift in Sources */,
				D621699F269F2D9F0000199B /* CodableGanerics.swift in Sources */,
				D621694F269F15540000199B /* CustomersVC.swift in Sources */,
				1D5A502226AC841A00ACA0E1 /* NotificationTableViewCell.swift in Sources */,
				D6216999269F2D9F0000199B /* Logger.swift in Sources */,
				D62169BE269F2D9F0000199B /* ImageViewController.swift in Sources */,
				D621699E269F2D9F0000199B /* SecureStoreQueryable.swift in Sources */,
				D6216945269F0DAC0000199B /* DashboardVC.swift in Sources */,
				D62169B6269F2D9F0000199B /* BarItemBadgeExtension.swift in Sources */,
				1D5A501A26AC7CD200ACA0E1 /* CartTableViewCell.swift in Sources */,
				D621699D269F2D9F0000199B /* OTPTimer.swift in Sources */,
				D62169AE269F2D9F0000199B /* StringExtension.swift in Sources */,
				D621699C269F2D9F0000199B /* SecureStore.swift in Sources */,
				D62169A1269F2D9F0000199B /* NvDatePicker.swift in Sources */,
				D62169A0269F2D9F0000199B /* AlertController.swift in Sources */,
				D62169A6269F2D9F0000199B /* ViewControllerExtension.swift in Sources */,
				D62169B7269F2D9F0000199B /* ImageSaver.swift in Sources */,
				D6216955269F2CCB0000199B /* ProductTableViewCell.swift in Sources */,
				D62169AA269F2D9F0000199B /* ImageExtension.swift in Sources */,
				D62169C9269F40EA0000199B /* RegisterCustomerVC.swift in Sources */,
				D62169B5269F2D9F0000199B /* TableViewExtension.swift in Sources */,
				D62169B0269F2D9F0000199B /* URLCommponents.swift in Sources */,
				D62169A2269F2D9F0000199B /* NvImagePicker.swift in Sources */,
				1DAA27E4269860390057ADF9 /* AccountTypeVC.swift in Sources */,
				1DAA27E0269860390057ADF9 /* AppDelegate.swift in Sources */,
				D62169B9269F2D9F0000199B /* KingfisherSource.swift in Sources */,
				D6216995269F2D9F0000199B /* SpringAnimator.swift in Sources */,
				D621699B269F2D9F0000199B /* SecureStoreError.swift in Sources */,
				D62169C1269F2D9F0000199B /* JGProgressHud.swift in Sources */,
				D62169B8269F2D9F0000199B /* TextViewPlaceholder.swift in Sources */,
				D6216998269F2D9F0000199B /* NVLocationManager.swift in Sources */,
				D6216949269F0DE30000199B /* AdminTabbarController.swift in Sources */,
				D62169AC269F2D9F0000199B /* DesignableView.swift in Sources */,
				D62169A4269F2D9F0000199B /* CircleProgress Bar.swift in Sources */,
				1DAA27E2269860390057ADF9 /* SceneDelegate.swift in Sources */,
				D62169AF269F2D9F0000199B /* UIStoryBoard Extension.swift in Sources */,
				D62169BF269F2D9F0000199B /* ProgressHud.swift in Sources */,
				1D5A500C26AC7C4F00ACA0E1 /* CartVC.swift in Sources */,
				D6216990269F2D9F0000199B /* UniversalLinkOpenInApp.swift in Sources */,
				D62169C6269F30460000199B /* ProductModels.swift in Sources */,
				D621694B269F0E200000199B /* AddProductVC.swift in Sources */,
				D62169A8269F2D9F0000199B /* UIApplicationExtension.swift in Sources */,
				D62169B1269F2D9F0000199B /* Threads.swift in Sources */,
				D6216997269F2D9F0000199B /* BottomSheetCalculator.swift in Sources */,
				D62169A9269F2D9F0000199B /* NavigationBarSetup.swift in Sources */,
				D6216994269F2D9F0000199B /* BottomSheetNavigationController.swift in Sources */,
				D6216991269F2D9F0000199B /* TranslationTarget.swift in Sources */,
			);
			runOnlyForDeploymentPostprocessing = 0;
		};
		1DAA27EE2698603B0057ADF9 /* Sources */ = {
			isa = PBXSourcesBuildPhase;
			buildActionMask = 2147483647;
			files = (
				1DAA27F72698603B0057ADF9 /* E_BookStoreTests.swift in Sources */,
			);
			runOnlyForDeploymentPostprocessing = 0;
		};
		1DAA27F92698603B0057ADF9 /* Sources */ = {
			isa = PBXSourcesBuildPhase;
			buildActionMask = 2147483647;
			files = (
				1DAA28022698603B0057ADF9 /* E_BookStoreUITests.swift in Sources */,
			);
			runOnlyForDeploymentPostprocessing = 0;
		};
/* End PBXSourcesBuildPhase section */

/* Begin PBXTargetDependency section */
		1DAA27F42698603B0057ADF9 /* PBXTargetDependency */ = {
			isa = PBXTargetDependency;
			target = 1DAA27DB269860390057ADF9 /* E-BookStore */;
			targetProxy = 1DAA27F32698603B0057ADF9 /* PBXContainerItemProxy */;
		};
		1DAA27FF2698603B0057ADF9 /* PBXTargetDependency */ = {
			isa = PBXTargetDependency;
			target = 1DAA27DB269860390057ADF9 /* E-BookStore */;
			targetProxy = 1DAA27FE2698603B0057ADF9 /* PBXContainerItemProxy */;
		};
/* End PBXTargetDependency section */

/* Begin PBXVariantGroup section */
		1DAA27E5269860390057ADF9 /* Main.storyboard */ = {
			isa = PBXVariantGroup;
			children = (
				1DAA27E6269860390057ADF9 /* Base */,
			);
			name = Main.storyboard;
			sourceTree = "<group>";
		};
		1DAA27EA2698603B0057ADF9 /* LaunchScreen.storyboard */ = {
			isa = PBXVariantGroup;
			children = (
				1DAA27EB2698603B0057ADF9 /* Base */,
			);
			name = LaunchScreen.storyboard;
			sourceTree = "<group>";
		};
/* End PBXVariantGroup section */

/* Begin XCBuildConfiguration section */
		1DAA28042698603B0057ADF9 /* Debug */ = {
			isa = XCBuildConfiguration;
			buildSettings = {
				ALWAYS_SEARCH_USER_PATHS = NO;
				CLANG_ANALYZER_NONNULL = YES;
				CLANG_ANALYZER_NUMBER_OBJECT_CONVERSION = YES_AGGRESSIVE;
				CLANG_CXX_LANGUAGE_STANDARD = "gnu++14";
				CLANG_CXX_LIBRARY = "libc++";
				CLANG_ENABLE_MODULES = YES;
				CLANG_ENABLE_OBJC_ARC = YES;
				CLANG_ENABLE_OBJC_WEAK = YES;
				CLANG_WARN_BLOCK_CAPTURE_AUTORELEASING = YES;
				CLANG_WARN_BOOL_CONVERSION = YES;
				CLANG_WARN_COMMA = YES;
				CLANG_WARN_CONSTANT_CONVERSION = YES;
				CLANG_WARN_DEPRECATED_OBJC_IMPLEMENTATIONS = YES;
				CLANG_WARN_DIRECT_OBJC_ISA_USAGE = YES_ERROR;
				CLANG_WARN_DOCUMENTATION_COMMENTS = YES;
				CLANG_WARN_EMPTY_BODY = YES;
				CLANG_WARN_ENUM_CONVERSION = YES;
				CLANG_WARN_INFINITE_RECURSION = YES;
				CLANG_WARN_INT_CONVERSION = YES;
				CLANG_WARN_NON_LITERAL_NULL_CONVERSION = YES;
				CLANG_WARN_OBJC_IMPLICIT_RETAIN_SELF = YES;
				CLANG_WARN_OBJC_LITERAL_CONVERSION = YES;
				CLANG_WARN_OBJC_ROOT_CLASS = YES_ERROR;
				CLANG_WARN_QUOTED_INCLUDE_IN_FRAMEWORK_HEADER = YES;
				CLANG_WARN_RANGE_LOOP_ANALYSIS = YES;
				CLANG_WARN_STRICT_PROTOTYPES = YES;
				CLANG_WARN_SUSPICIOUS_MOVE = YES;
				CLANG_WARN_UNGUARDED_AVAILABILITY = YES_AGGRESSIVE;
				CLANG_WARN_UNREACHABLE_CODE = YES;
				CLANG_WARN__DUPLICATE_METHOD_MATCH = YES;
				COPY_PHASE_STRIP = NO;
				DEBUG_INFORMATION_FORMAT = dwarf;
				ENABLE_STRICT_OBJC_MSGSEND = YES;
				ENABLE_TESTABILITY = YES;
				GCC_C_LANGUAGE_STANDARD = gnu11;
				GCC_DYNAMIC_NO_PIC = NO;
				GCC_NO_COMMON_BLOCKS = YES;
				GCC_OPTIMIZATION_LEVEL = 0;
				GCC_PREPROCESSOR_DEFINITIONS = (
					"DEBUG=1",
					"$(inherited)",
				);
				GCC_WARN_64_TO_32_BIT_CONVERSION = YES;
				GCC_WARN_ABOUT_RETURN_TYPE = YES_ERROR;
				GCC_WARN_UNDECLARED_SELECTOR = YES;
				GCC_WARN_UNINITIALIZED_AUTOS = YES_AGGRESSIVE;
				GCC_WARN_UNUSED_FUNCTION = YES;
				GCC_WARN_UNUSED_VARIABLE = YES;
				IPHONEOS_DEPLOYMENT_TARGET = 14.4;
				MTL_ENABLE_DEBUG_INFO = INCLUDE_SOURCE;
				MTL_FAST_MATH = YES;
				ONLY_ACTIVE_ARCH = YES;
				SDKROOT = iphoneos;
				SWIFT_ACTIVE_COMPILATION_CONDITIONS = DEBUG;
				SWIFT_OPTIMIZATION_LEVEL = "-Onone";
			};
			name = Debug;
		};
		1DAA28052698603B0057ADF9 /* Release */ = {
			isa = XCBuildConfiguration;
			buildSettings = {
				ALWAYS_SEARCH_USER_PATHS = NO;
				CLANG_ANALYZER_NONNULL = YES;
				CLANG_ANALYZER_NUMBER_OBJECT_CONVERSION = YES_AGGRESSIVE;
				CLANG_CXX_LANGUAGE_STANDARD = "gnu++14";
				CLANG_CXX_LIBRARY = "libc++";
				CLANG_ENABLE_MODULES = YES;
				CLANG_ENABLE_OBJC_ARC = YES;
				CLANG_ENABLE_OBJC_WEAK = YES;
				CLANG_WARN_BLOCK_CAPTURE_AUTORELEASING = YES;
				CLANG_WARN_BOOL_CONVERSION = YES;
				CLANG_WARN_COMMA = YES;
				CLANG_WARN_CONSTANT_CONVERSION = YES;
				CLANG_WARN_DEPRECATED_OBJC_IMPLEMENTATIONS = YES;
				CLANG_WARN_DIRECT_OBJC_ISA_USAGE = YES_ERROR;
				CLANG_WARN_DOCUMENTATION_COMMENTS = YES;
				CLANG_WARN_EMPTY_BODY = YES;
				CLANG_WARN_ENUM_CONVERSION = YES;
				CLANG_WARN_INFINITE_RECURSION = YES;
				CLANG_WARN_INT_CONVERSION = YES;
				CLANG_WARN_NON_LITERAL_NULL_CONVERSION = YES;
				CLANG_WARN_OBJC_IMPLICIT_RETAIN_SELF = YES;
				CLANG_WARN_OBJC_LITERAL_CONVERSION = YES;
				CLANG_WARN_OBJC_ROOT_CLASS = YES_ERROR;
				CLANG_WARN_QUOTED_INCLUDE_IN_FRAMEWORK_HEADER = YES;
				CLANG_WARN_RANGE_LOOP_ANALYSIS = YES;
				CLANG_WARN_STRICT_PROTOTYPES = YES;
				CLANG_WARN_SUSPICIOUS_MOVE = YES;
				CLANG_WARN_UNGUARDED_AVAILABILITY = YES_AGGRESSIVE;
				CLANG_WARN_UNREACHABLE_CODE = YES;
				CLANG_WARN__DUPLICATE_METHOD_MATCH = YES;
				COPY_PHASE_STRIP = NO;
				DEBUG_INFORMATION_FORMAT = "dwarf-with-dsym";
				ENABLE_NS_ASSERTIONS = NO;
				ENABLE_STRICT_OBJC_MSGSEND = YES;
				GCC_C_LANGUAGE_STANDARD = gnu11;
				GCC_NO_COMMON_BLOCKS = YES;
				GCC_WARN_64_TO_32_BIT_CONVERSION = YES;
				GCC_WARN_ABOUT_RETURN_TYPE = YES_ERROR;
				GCC_WARN_UNDECLARED_SELECTOR = YES;
				GCC_WARN_UNINITIALIZED_AUTOS = YES_AGGRESSIVE;
				GCC_WARN_UNUSED_FUNCTION = YES;
				GCC_WARN_UNUSED_VARIABLE = YES;
				IPHONEOS_DEPLOYMENT_TARGET = 14.4;
				MTL_ENABLE_DEBUG_INFO = NO;
				MTL_FAST_MATH = YES;
				SDKROOT = iphoneos;
				SWIFT_COMPILATION_MODE = wholemodule;
				SWIFT_OPTIMIZATION_LEVEL = "-O";
				VALIDATE_PRODUCT = YES;
			};
			name = Release;
		};
		1DAA28072698603B0057ADF9 /* Debug */ = {
			isa = XCBuildConfiguration;
			baseConfigurationReference = F60C7F445B06BD48DB469716 /* Pods-E-BookStore.debug.xcconfig */;
			buildSettings = {
				ASSETCATALOG_COMPILER_APPICON_NAME = AppIcon;
				ASSETCATALOG_COMPILER_GLOBAL_ACCENT_COLOR_NAME = AccentColor;
				CODE_SIGN_STYLE = Automatic;
				INFOPLIST_FILE = "E-BookStore/Info.plist";
				LD_RUNPATH_SEARCH_PATHS = (
					"$(inherited)",
					"@executable_path/Frameworks",
				);
				PRODUCT_BUNDLE_IDENTIFIER = "com.e-sloutions.E-BookStore";
				PRODUCT_NAME = "$(TARGET_NAME)";
				SWIFT_VERSION = 5.0;
				TARGETED_DEVICE_FAMILY = "1,2";
			};
			name = Debug;
		};
		1DAA28082698603B0057ADF9 /* Release */ = {
			isa = XCBuildConfiguration;
			baseConfigurationReference = 7F5354ECB3543D210FF66221 /* Pods-E-BookStore.release.xcconfig */;
			buildSettings = {
				ASSETCATALOG_COMPILER_APPICON_NAME = AppIcon;
				ASSETCATALOG_COMPILER_GLOBAL_ACCENT_COLOR_NAME = AccentColor;
				CODE_SIGN_STYLE = Automatic;
				INFOPLIST_FILE = "E-BookStore/Info.plist";
				LD_RUNPATH_SEARCH_PATHS = (
					"$(inherited)",
					"@executable_path/Frameworks",
				);
				PRODUCT_BUNDLE_IDENTIFIER = "com.e-sloutions.E-BookStore";
				PRODUCT_NAME = "$(TARGET_NAME)";
				SWIFT_VERSION = 5.0;
				TARGETED_DEVICE_FAMILY = "1,2";
			};
			name = Release;
		};
		1DAA280A2698603B0057ADF9 /* Debug */ = {
			isa = XCBuildConfiguration;
			baseConfigurationReference = D25105EB1FCF19E378921E06 /* Pods-E-BookStoreTests.debug.xcconfig */;
			buildSettings = {
				ALWAYS_EMBED_SWIFT_STANDARD_LIBRARIES = YES;
				BUNDLE_LOADER = "$(TEST_HOST)";
				CODE_SIGN_STYLE = Automatic;
				INFOPLIST_FILE = "E-BookStoreTests/Info.plist";
				IPHONEOS_DEPLOYMENT_TARGET = 14.4;
				LD_RUNPATH_SEARCH_PATHS = (
					"$(inherited)",
					"@executable_path/Frameworks",
					"@loader_path/Frameworks",
				);
				PRODUCT_BUNDLE_IDENTIFIER = "com.e-sloutions.E-BookStoreTests";
				PRODUCT_NAME = "$(TARGET_NAME)";
				SWIFT_VERSION = 5.0;
				TARGETED_DEVICE_FAMILY = "1,2";
				TEST_HOST = "$(BUILT_PRODUCTS_DIR)/E-BookStore.app/E-BookStore";
			};
			name = Debug;
		};
		1DAA280B2698603B0057ADF9 /* Release */ = {
			isa = XCBuildConfiguration;
			baseConfigurationReference = B8C062EDDF13153836FD13A0 /* Pods-E-BookStoreTests.release.xcconfig */;
			buildSettings = {
				ALWAYS_EMBED_SWIFT_STANDARD_LIBRARIES = YES;
				BUNDLE_LOADER = "$(TEST_HOST)";
				CODE_SIGN_STYLE = Automatic;
				INFOPLIST_FILE = "E-BookStoreTests/Info.plist";
				IPHONEOS_DEPLOYMENT_TARGET = 14.4;
				LD_RUNPATH_SEARCH_PATHS = (
					"$(inherited)",
					"@executable_path/Frameworks",
					"@loader_path/Frameworks",
				);
				PRODUCT_BUNDLE_IDENTIFIER = "com.e-sloutions.E-BookStoreTests";
				PRODUCT_NAME = "$(TARGET_NAME)";
				SWIFT_VERSION = 5.0;
				TARGETED_DEVICE_FAMILY = "1,2";
				TEST_HOST = "$(BUILT_PRODUCTS_DIR)/E-BookStore.app/E-BookStore";
			};
			name = Release;
		};
		1DAA280D2698603B0057ADF9 /* Debug */ = {
			isa = XCBuildConfiguration;
			baseConfigurationReference = 70F2CF0EC74FD0B41C166C9A /* Pods-E-BookStore-E-BookStoreUITests.debug.xcconfig */;
			buildSettings = {
				ALWAYS_EMBED_SWIFT_STANDARD_LIBRARIES = YES;
				CODE_SIGN_STYLE = Automatic;
				INFOPLIST_FILE = "E-BookStoreUITests/Info.plist";
				LD_RUNPATH_SEARCH_PATHS = (
					"$(inherited)",
					"@executable_path/Frameworks",
					"@loader_path/Frameworks",
				);
				PRODUCT_BUNDLE_IDENTIFIER = "com.e-sloutions.E-BookStoreUITests";
				PRODUCT_NAME = "$(TARGET_NAME)";
				SWIFT_VERSION = 5.0;
				TARGETED_DEVICE_FAMILY = "1,2";
				TEST_TARGET_NAME = "E-BookStore";
			};
			name = Debug;
		};
		1DAA280E2698603B0057ADF9 /* Release */ = {
			isa = XCBuildConfiguration;
			baseConfigurationReference = CB31B1FE15652862E68ED16A /* Pods-E-BookStore-E-BookStoreUITests.release.xcconfig */;
			buildSettings = {
				ALWAYS_EMBED_SWIFT_STANDARD_LIBRARIES = YES;
				CODE_SIGN_STYLE = Automatic;
				INFOPLIST_FILE = "E-BookStoreUITests/Info.plist";
				LD_RUNPATH_SEARCH_PATHS = (
					"$(inherited)",
					"@executable_path/Frameworks",
					"@loader_path/Frameworks",
				);
				PRODUCT_BUNDLE_IDENTIFIER = "com.e-sloutions.E-BookStoreUITests";
				PRODUCT_NAME = "$(TARGET_NAME)";
				SWIFT_VERSION = 5.0;
				TARGETED_DEVICE_FAMILY = "1,2";
				TEST_TARGET_NAME = "E-BookStore";
			};
			name = Release;
		};
/* End XCBuildConfiguration section */

/* Begin XCConfigurationList section */
		1DAA27D7269860390057ADF9 /* Build configuration list for PBXProject "E-BookStore" */ = {
			isa = XCConfigurationList;
			buildConfigurations = (
				1DAA28042698603B0057ADF9 /* Debug */,
				1DAA28052698603B0057ADF9 /* Release */,
			);
			defaultConfigurationIsVisible = 0;
			defaultConfigurationName = Release;
		};
		1DAA28062698603B0057ADF9 /* Build configuration list for PBXNativeTarget "E-BookStore" */ = {
			isa = XCConfigurationList;
			buildConfigurations = (
				1DAA28072698603B0057ADF9 /* Debug */,
				1DAA28082698603B0057ADF9 /* Release */,
			);
			defaultConfigurationIsVisible = 0;
			defaultConfigurationName = Release;
		};
		1DAA28092698603B0057ADF9 /* Build configuration list for PBXNativeTarget "E-BookStoreTests" */ = {
			isa = XCConfigurationList;
			buildConfigurations = (
				1DAA280A2698603B0057ADF9 /* Debug */,
				1DAA280B2698603B0057ADF9 /* Release */,
			);
			defaultConfigurationIsVisible = 0;
			defaultConfigurationName = Release;
		};
		1DAA280C2698603B0057ADF9 /* Build configuration list for PBXNativeTarget "E-BookStoreUITests" */ = {
			isa = XCConfigurationList;
			buildConfigurations = (
				1DAA280D2698603B0057ADF9 /* Debug */,
				1DAA280E2698603B0057ADF9 /* Release */,
			);
			defaultConfigurationIsVisible = 0;
			defaultConfigurationName = Release;
		};
/* End XCConfigurationList section */
	};
	rootObject = 1DAA27D4269860390057ADF9 /* Project object */;
}
